
Microsoft Visual Studio Solution File, Format Version 12.00
# Visual Studio Version 17
VisualStudioVersion = 17.13.35825.156
MinimumVisualStudioVersion = 10.0.40219.1
Project("{FAE04EC0-301F-11D3-BF4B-00C04F79EFBC}") = "Factory Method", "Factory Method\Factory Method.csproj", "{0E7F9657-433A-4C7D-B972-402B9BF8D002}"
EndProject
Project("{FAE04EC0-301F-11D3-BF4B-00C04F79EFBC}") = "Abstract Factory", "Abstract Factory\Abstract Factory.csproj", "{568819CE-FD17-4427-A104-5B535D980FD1}"
EndProject
Project("{FAE04EC0-301F-11D3-BF4B-00C04F79EFBC}") = "Singleton", "Singleton\Singleton.csproj", "{D7F9E7DD-3503-4419-9830-61BE4E2B6543}"
EndProject
Project("{FAE04EC0-301F-11D3-BF4B-00C04F79EFBC}") = "Prototype", "Prototype\Prototype.csproj", "{EFB02787-C038-43F0-99D2-7C7893D2316E}"
EndProject
Project("{FAE04EC0-301F-11D3-BF4B-00C04F79EFBC}") = "Builder", "Builder\Builder.csproj", "{0BB5992E-AC59-4CC1-B658-904FDE8EB7AA}"
EndProject
Global
	GlobalSection(SolutionConfigurationPlatforms) = preSolution
		Debug|Any CPU = Debug|Any CPU
		Release|Any CPU = Release|Any CPU
	EndGlobalSection
	GlobalSection(ProjectConfigurationPlatforms) = postSolution
		{0E7F9657-433A-4C7D-B972-402B9BF8D002}.Debug|Any CPU.ActiveCfg = Debug|Any CPU
		{0E7F9657-433A-4C7D-B972-402B9BF8D002}.Debug|Any CPU.Build.0 = Debug|Any CPU
		{0E7F9657-433A-4C7D-B972-402B9BF8D002}.Release|Any CPU.ActiveCfg = Release|Any CPU
		{0E7F9657-433A-4C7D-B972-402B9BF8D002}.Release|Any CPU.Build.0 = Release|Any CPU
		{568819CE-FD17-4427-A104-5B535D980FD1}.Debug|Any CPU.ActiveCfg = Debug|Any CPU
		{568819CE-FD17-4427-A104-5B535D980FD1}.Debug|Any CPU.Build.0 = Debug|Any CPU
		{568819CE-FD17-4427-A104-5B535D980FD1}.Release|Any CPU.ActiveCfg = Release|Any CPU
		{568819CE-FD17-4427-A104-5B535D980FD1}.Release|Any CPU.Build.0 = Release|Any CPU
		{D7F9E7DD-3503-4419-9830-61BE4E2B6543}.Debug|Any CPU.ActiveCfg = Debug|Any CPU
		{D7F9E7DD-3503-4419-9830-61BE4E2B6543}.Debug|Any CPU.Build.0 = Debug|Any CPU
		{D7F9E7DD-3503-4419-9830-61BE4E2B6543}.Release|Any CPU.ActiveCfg = Release|Any CPU
		{D7F9E7DD-3503-4419-9830-61BE4E2B6543}.Release|Any CPU.Build.0 = Release|Any CPU
		{EFB02787-C038-43F0-99D2-7C7893D2316E}.Debug|Any CPU.ActiveCfg = Debug|Any CPU
		{EFB02787-C038-43F0-99D2-7C7893D2316E}.Debug|Any CPU.Build.0 = Debug|Any CPU
		{EFB02787-C038-43F0-99D2-7C7893D2316E}.Release|Any CPU.ActiveCfg = Release|Any CPU
		{EFB02787-C038-43F0-99D2-7C7893D2316E}.Release|Any CPU.Build.0 = Release|Any CPU
		{0BB5992E-AC59-4CC1-B658-904FDE8EB7AA}.Debug|Any CPU.ActiveCfg = Debug|Any CPU
		{0BB5992E-AC59-4CC1-B658-904FDE8EB7AA}.Debug|Any CPU.Build.0 = Debug|Any CPU
		{0BB5992E-AC59-4CC1-B658-904FDE8EB7AA}.Release|Any CPU.ActiveCfg = Release|Any CPU
		{0BB5992E-AC59-4CC1-B658-904FDE8EB7AA}.Release|Any CPU.Build.0 = Release|Any CPU
	EndGlobalSection
	GlobalSection(SolutionProperties) = preSolution
		HideSolutionNode = FALSE
	EndGlobalSection
	GlobalSection(ExtensibilityGlobals) = postSolution
		SolutionGuid = {B9882A83-80E7-47B3-AE31-EC7FABC98ED0}
	EndGlobalSection
EndGlobal
