
Microsoft Visual Studio Solution File, Format Version 12.00
# Visual Studio Version 17
VisualStudioVersion = 17.13.35825.156 d17.13
MinimumVisualStudioVersion = 10.0.40219.1
Project("{FAE04EC0-301F-11D3-BF4B-00C04F79EFBC}") = "ChainOfResponsibility", "ChainOfResponsibility\ChainOfResponsibility.csproj", "{DB6944EC-BA10-4D77-8431-C900852B1E3D}"
EndProject
Project("{FAE04EC0-301F-11D3-BF4B-00C04F79EFBC}") = "Mediator", "Mediator\Mediator.csproj", "{532EBDBD-615A-4408-87D4-D2B5C125C3DB}"
EndProject
Project("{FAE04EC0-301F-11D3-BF4B-00C04F79EFBC}") = "Memento", "Memento\Memento.csproj", "{5F55BC75-806F-44D0-9067-76A2DBAD6313}"
EndProject
Global
	GlobalSection(SolutionConfigurationPlatforms) = preSolution
		Debug|Any CPU = Debug|Any CPU
		Release|Any CPU = Release|Any CPU
	EndGlobalSection
	GlobalSection(ProjectConfigurationPlatforms) = postSolution
		{DB6944EC-BA10-4D77-8431-C900852B1E3D}.Debug|Any CPU.ActiveCfg = Debug|Any CPU
		{DB6944EC-BA10-4D77-8431-C900852B1E3D}.Debug|Any CPU.Build.0 = Debug|Any CPU
		{DB6944EC-BA10-4D77-8431-C900852B1E3D}.Release|Any CPU.ActiveCfg = Release|Any CPU
		{DB6944EC-BA10-4D77-8431-C900852B1E3D}.Release|Any CPU.Build.0 = Release|Any CPU
		{532EBDBD-615A-4408-87D4-D2B5C125C3DB}.Debug|Any CPU.ActiveCfg = Debug|Any CPU
		{532EBDBD-615A-4408-87D4-D2B5C125C3DB}.Debug|Any CPU.Build.0 = Debug|Any CPU
		{532EBDBD-615A-4408-87D4-D2B5C125C3DB}.Release|Any CPU.ActiveCfg = Release|Any CPU
		{532EBDBD-615A-4408-87D4-D2B5C125C3DB}.Release|Any CPU.Build.0 = Release|Any CPU
		{5F55BC75-806F-44D0-9067-76A2DBAD6313}.Debug|Any CPU.ActiveCfg = Debug|Any CPU
		{5F55BC75-806F-44D0-9067-76A2DBAD6313}.Debug|Any CPU.Build.0 = Debug|Any CPU
		{5F55BC75-806F-44D0-9067-76A2DBAD6313}.Release|Any CPU.ActiveCfg = Release|Any CPU
		{5F55BC75-806F-44D0-9067-76A2DBAD6313}.Release|Any CPU.Build.0 = Release|Any CPU
	EndGlobalSection
	GlobalSection(SolutionProperties) = preSolution
		HideSolutionNode = FALSE
	EndGlobalSection
	GlobalSection(ExtensibilityGlobals) = postSolution
		SolutionGuid = {E58C91DA-DCDC-41B5-8982-3991A98EB5E8}
	EndGlobalSection
EndGlobal
